
Microsoft Visual Studio Solution File, Format Version 12.00
# Visual Studio 2012
Project("{FAE04EC0-301F-11D3-BF4B-00C04F79EFBC}") = "Bsharp.Repository", "src\Bsharp.Repository\Bsharp.Repository.csproj", "{E3D0447C-9206-44A3-9057-3BFB5E339A42}"
EndProject
Project("{FAE04EC0-301F-11D3-BF4B-00C04F79EFBC}") = "BSharp.Domain", "src\BSharp.Domain\BSharp.Domain.csproj", "{B4650B1E-C484-48C6-8EE3-58A9AEB8274B}"
EndProject
Project("{FAE04EC0-301F-11D3-BF4B-00C04F79EFBC}") = "Bsharp.Repository.Test", "src\Bsharp.Repository.Test\Bsharp.Repository.Test.csproj", "{B33EB874-0C6A-4DBC-A9D2-D6673580401B}"
EndProject
Project("{2150E333-8FDC-42A3-9474-1A3956D46DE8}") = "Solution Items", "Solution Items", "{1414F8D0-AD30-406F-9434-9965369BDCEF}"
	ProjectSection(SolutionItems) = preProject
		README.md = README.md
	EndProjectSection
EndProject
Project("{FAE04EC0-301F-11D3-BF4B-00C04F79EFBC}") = "Bsharp.Api", "src\Bsharp.Api\Bsharp.Api.csproj", "{DB5E2507-F31F-4D9E-B119-42959979743D}"
EndProject
Project("{FAE04EC0-301F-11D3-BF4B-00C04F79EFBC}") = "BSharp.Api.Client", "src\BSharp.Api.Client\BSharp.Api.Client.csproj", "{EA3D4022-CB3C-45EB-95E7-246E16E63889}"
EndProject
Project("{FAE04EC0-301F-11D3-BF4B-00C04F79EFBC}") = "Bsharp.UI", "src\Bsharp.UI\Bsharp.UI.csproj", "{ABD45165-634B-4116-8D77-7F9C04D0E0EF}"
EndProject
Global
	GlobalSection(SolutionConfigurationPlatforms) = preSolution
		Debug|Any CPU = Debug|Any CPU
		Release|Any CPU = Release|Any CPU
	EndGlobalSection
	GlobalSection(ProjectConfigurationPlatforms) = postSolution
		{E3D0447C-9206-44A3-9057-3BFB5E339A42}.Debug|Any CPU.ActiveCfg = Debug|Any CPU
		{E3D0447C-9206-44A3-9057-3BFB5E339A42}.Debug|Any CPU.Build.0 = Debug|Any CPU
		{E3D0447C-9206-44A3-9057-3BFB5E339A42}.Release|Any CPU.ActiveCfg = Release|Any CPU
		{E3D0447C-9206-44A3-9057-3BFB5E339A42}.Release|Any CPU.Build.0 = Release|Any CPU
		{B4650B1E-C484-48C6-8EE3-58A9AEB8274B}.Debug|Any CPU.ActiveCfg = Debug|Any CPU
		{B4650B1E-C484-48C6-8EE3-58A9AEB8274B}.Debug|Any CPU.Build.0 = Debug|Any CPU
		{B4650B1E-C484-48C6-8EE3-58A9AEB8274B}.Release|Any CPU.ActiveCfg = Release|Any CPU
		{B4650B1E-C484-48C6-8EE3-58A9AEB8274B}.Release|Any CPU.Build.0 = Release|Any CPU
		{B33EB874-0C6A-4DBC-A9D2-D6673580401B}.Debug|Any CPU.ActiveCfg = Debug|Any CPU
		{B33EB874-0C6A-4DBC-A9D2-D6673580401B}.Debug|Any CPU.Build.0 = Debug|Any CPU
		{B33EB874-0C6A-4DBC-A9D2-D6673580401B}.Release|Any CPU.ActiveCfg = Release|Any CPU
		{B33EB874-0C6A-4DBC-A9D2-D6673580401B}.Release|Any CPU.Build.0 = Release|Any CPU
		{DB5E2507-F31F-4D9E-B119-42959979743D}.Debug|Any CPU.ActiveCfg = Debug|Any CPU
		{DB5E2507-F31F-4D9E-B119-42959979743D}.Debug|Any CPU.Build.0 = Debug|Any CPU
		{DB5E2507-F31F-4D9E-B119-42959979743D}.Release|Any CPU.ActiveCfg = Release|Any CPU
		{DB5E2507-F31F-4D9E-B119-42959979743D}.Release|Any CPU.Build.0 = Release|Any CPU
		{EA3D4022-CB3C-45EB-95E7-246E16E63889}.Debug|Any CPU.ActiveCfg = Debug|Any CPU
		{EA3D4022-CB3C-45EB-95E7-246E16E63889}.Debug|Any CPU.Build.0 = Debug|Any CPU
		{EA3D4022-CB3C-45EB-95E7-246E16E63889}.Release|Any CPU.ActiveCfg = Release|Any CPU
		{EA3D4022-CB3C-45EB-95E7-246E16E63889}.Release|Any CPU.Build.0 = Release|Any CPU
		{ABD45165-634B-4116-8D77-7F9C04D0E0EF}.Debug|Any CPU.ActiveCfg = Debug|Any CPU
		{ABD45165-634B-4116-8D77-7F9C04D0E0EF}.Debug|Any CPU.Build.0 = Debug|Any CPU
		{ABD45165-634B-4116-8D77-7F9C04D0E0EF}.Release|Any CPU.ActiveCfg = Release|Any CPU
		{ABD45165-634B-4116-8D77-7F9C04D0E0EF}.Release|Any CPU.Build.0 = Release|Any CPU
	EndGlobalSection
EndGlobal
