
Microsoft Visual Studio Solution File, Format Version 15.00
# Visual Studio 2017
Project("{FAE04EC0-301F-11D3-BF4B-00C04F79EFBC}") = "Bsharp.Api", "Bsharp.Api.csproj", "{9511B281-41B7-4833-B7AF-54114D727122}"
EndProject
Project("{FAE04EC0-301F-11D3-BF4B-00C04F79EFBC}") = "Bsharp.UI", "..\Bsharp.UI\Bsharp.UI.csproj", "{8EC31615-F0AA-4E7E-BA4C-2DF92C229CAC}"
EndProject
Project("{FAE04EC0-301F-11D3-BF4B-00C04F79EFBC}") = "Bsharp.Repository", "..\Bsharp.Repository\Bsharp.Repository.csproj", "{F93C1249-4BFA-417C-A1BB-541C0FC6025E}"
EndProject
Project("{FAE04EC0-301F-11D3-BF4B-00C04F79EFBC}") = "Bsharp.Repository.Test", "..\Bsharp.Repository.Test\Bsharp.Repository.Test.csproj", "{B94BA883-2C6B-4996-916A-B461DD83B4D1}"
EndProject
Project("{FAE04EC0-301F-11D3-BF4B-00C04F79EFBC}") = "BSharp.Domain", "..\BSharp.Domain\BSharp.Domain.csproj", "{C767B05F-4234-482E-A4C1-F40B9C4E73BB}"
EndProject
Global
	GlobalSection(SolutionConfigurationPlatforms) = preSolution
		Debug|Any CPU = Debug|Any CPU
		Release|Any CPU = Release|Any CPU
	EndGlobalSection
	GlobalSection(ProjectConfigurationPlatforms) = postSolution
		{9511B281-41B7-4833-B7AF-54114D727122}.Debug|Any CPU.ActiveCfg = Debug|Any CPU
		{9511B281-41B7-4833-B7AF-54114D727122}.Debug|Any CPU.Build.0 = Debug|Any CPU
		{9511B281-41B7-4833-B7AF-54114D727122}.Release|Any CPU.ActiveCfg = Release|Any CPU
		{9511B281-41B7-4833-B7AF-54114D727122}.Release|Any CPU.Build.0 = Release|Any CPU
		{8EC31615-F0AA-4E7E-BA4C-2DF92C229CAC}.Debug|Any CPU.ActiveCfg = Debug|Any CPU
		{8EC31615-F0AA-4E7E-BA4C-2DF92C229CAC}.Debug|Any CPU.Build.0 = Debug|Any CPU
		{8EC31615-F0AA-4E7E-BA4C-2DF92C229CAC}.Release|Any CPU.ActiveCfg = Release|Any CPU
		{8EC31615-F0AA-4E7E-BA4C-2DF92C229CAC}.Release|Any CPU.Build.0 = Release|Any CPU
		{F93C1249-4BFA-417C-A1BB-541C0FC6025E}.Debug|Any CPU.ActiveCfg = Debug|Any CPU
		{F93C1249-4BFA-417C-A1BB-541C0FC6025E}.Debug|Any CPU.Build.0 = Debug|Any CPU
		{F93C1249-4BFA-417C-A1BB-541C0FC6025E}.Release|Any CPU.ActiveCfg = Release|Any CPU
		{F93C1249-4BFA-417C-A1BB-541C0FC6025E}.Release|Any CPU.Build.0 = Release|Any CPU
		{B94BA883-2C6B-4996-916A-B461DD83B4D1}.Debug|Any CPU.ActiveCfg = Debug|Any CPU
		{B94BA883-2C6B-4996-916A-B461DD83B4D1}.Debug|Any CPU.Build.0 = Debug|Any CPU
		{B94BA883-2C6B-4996-916A-B461DD83B4D1}.Release|Any CPU.ActiveCfg = Release|Any CPU
		{B94BA883-2C6B-4996-916A-B461DD83B4D1}.Release|Any CPU.Build.0 = Release|Any CPU
		{C767B05F-4234-482E-A4C1-F40B9C4E73BB}.Debug|Any CPU.ActiveCfg = Debug|Any CPU
		{C767B05F-4234-482E-A4C1-F40B9C4E73BB}.Debug|Any CPU.Build.0 = Debug|Any CPU
		{C767B05F-4234-482E-A4C1-F40B9C4E73BB}.Release|Any CPU.ActiveCfg = Release|Any CPU
		{C767B05F-4234-482E-A4C1-F40B9C4E73BB}.Release|Any CPU.Build.0 = Release|Any CPU
	EndGlobalSection
EndGlobal
